
Microsoft Visual Studio Solution File, Format Version 12.00
# Visual Studio 15
VisualStudioVersion = 15.0.27130.2027
MinimumVisualStudioVersion = 10.0.40219.1
Project("{8BC9CEB8-8B4A-11D0-8D11-00A0C91BC942}") = "Pathfinder", "Pathfinder.vcxproj", "{2FCFBE6C-EBDF-4FE9-9915-4B712A9E4067}"
EndProject
Global
	GlobalSection(SolutionConfigurationPlatforms) = preSolution
		Debug|x86 = Debug|x86
		Release|x86 = Release|x86
	EndGlobalSection
	GlobalSection(ProjectConfigurationPlatforms) = postSolution
		{2FCFBE6C-EBDF-4FE9-9915-4B712A9E4067}.Debug|x86.ActiveCfg = Debug|Win32
		{2FCFBE6C-EBDF-4FE9-9915-4B712A9E4067}.Debug|x86.Build.0 = Debug|Win32
		{2FCFBE6C-EBDF-4FE9-9915-4B712A9E4067}.Release|x86.ActiveCfg = Release|Win32
		{2FCFBE6C-EBDF-4FE9-9915-4B712A9E4067}.Release|x86.Build.0 = Release|Win32
	EndGlobalSection
	GlobalSection(SolutionProperties) = preSolution
		HideSolutionNode = FALSE
	EndGlobalSection
	GlobalSection(ExtensibilityGlobals) = postSolution
		SolutionGuid = {EED42150-DFEE-4AE1-B296-A6BD279C0D0B}
	EndGlobalSection
EndGlobal
